
Microsoft Visual Studio Solution File, Format Version 12.00
# Visual Studio Version 17
VisualStudioVersion = 17.3.32901.215
MinimumVisualStudioVersion = 10.0.40219.1
Project("{FAE04EC0-301F-11D3-BF4B-00C04F79EFBC}") = "flightPlanner", "flightPlanner\flightPlanner.csproj", "{3E18E51C-09A4-4DBA-B708-9C30647DB425}"
EndProject
Global
	GlobalSection(SolutionConfigurationPlatforms) = preSolution
		Debug|Any CPU = Debug|Any CPU
		Release|Any CPU = Release|Any CPU
	EndGlobalSection
	GlobalSection(ProjectConfigurationPlatforms) = postSolution
		{3E18E51C-09A4-4DBA-B708-9C30647DB425}.Debug|Any CPU.ActiveCfg = Debug|Any CPU
		{3E18E51C-09A4-4DBA-B708-9C30647DB425}.Debug|Any CPU.Build.0 = Debug|Any CPU
		{3E18E51C-09A4-4DBA-B708-9C30647DB425}.Release|Any CPU.ActiveCfg = Release|Any CPU
		{3E18E51C-09A4-4DBA-B708-9C30647DB425}.Release|Any CPU.Build.0 = Release|Any CPU
	EndGlobalSection
	GlobalSection(SolutionProperties) = preSolution
		HideSolutionNode = FALSE
	EndGlobalSection
	GlobalSection(ExtensibilityGlobals) = postSolution
		SolutionGuid = {015D065B-860F-4FE7-912F-CF0923D5E588}
	EndGlobalSection
EndGlobal
